
Microsoft Visual Studio Solution File, Format Version 12.00
# Visual Studio Version 17
VisualStudioVersion = 17.11.35312.102
MinimumVisualStudioVersion = 10.0.40219.1
Project("{2150E333-8FDC-42A3-9474-1A3956D46DE8}") = "src", "src", "{D9970F4A-A2D2-4041-8938-4FE9021A979A}"
EndProject
Project("{FAE04EC0-301F-11D3-BF4B-00C04F79EFBC}") = "CustomerSupportChatBot.API", "CustomerSupportChatBot.API\CustomerSupportChatBot.API.csproj", "{405A16FA-77C4-4536-BCE7-580427BDBD15}"
EndProject
Project("{FAE04EC0-301F-11D3-BF4B-00C04F79EFBC}") = "CustomerSupportChatBot.Core", "CustomerSupportChatBot.Core\CustomerSupportChatBot.Core.csproj", "{6038B6D6-7C68-495B-A34D-D3C98B55593E}"
EndProject
Project("{FAE04EC0-301F-11D3-BF4B-00C04F79EFBC}") = "CustomerSupportChatBot.Infrastructure", "CustomerSupportChatBot.Infrastructure\CustomerSupportChatBot.Infrastructure.csproj", "{47716C25-F1A7-4425-A224-D87795FEB820}"
EndProject
Global
	GlobalSection(SolutionConfigurationPlatforms) = preSolution
		Debug|Any CPU = Debug|Any CPU
		Release|Any CPU = Release|Any CPU
	EndGlobalSection
	GlobalSection(ProjectConfigurationPlatforms) = postSolution
		{405A16FA-77C4-4536-BCE7-580427BDBD15}.Debug|Any CPU.ActiveCfg = Debug|Any CPU
		{405A16FA-77C4-4536-BCE7-580427BDBD15}.Debug|Any CPU.Build.0 = Debug|Any CPU
		{405A16FA-77C4-4536-BCE7-580427BDBD15}.Release|Any CPU.ActiveCfg = Release|Any CPU
		{405A16FA-77C4-4536-BCE7-580427BDBD15}.Release|Any CPU.Build.0 = Release|Any CPU
		{6038B6D6-7C68-495B-A34D-D3C98B55593E}.Debug|Any CPU.ActiveCfg = Debug|Any CPU
		{6038B6D6-7C68-495B-A34D-D3C98B55593E}.Debug|Any CPU.Build.0 = Debug|Any CPU
		{6038B6D6-7C68-495B-A34D-D3C98B55593E}.Release|Any CPU.ActiveCfg = Release|Any CPU
		{6038B6D6-7C68-495B-A34D-D3C98B55593E}.Release|Any CPU.Build.0 = Release|Any CPU
		{47716C25-F1A7-4425-A224-D87795FEB820}.Debug|Any CPU.ActiveCfg = Debug|Any CPU
		{47716C25-F1A7-4425-A224-D87795FEB820}.Debug|Any CPU.Build.0 = Debug|Any CPU
		{47716C25-F1A7-4425-A224-D87795FEB820}.Release|Any CPU.ActiveCfg = Release|Any CPU
		{47716C25-F1A7-4425-A224-D87795FEB820}.Release|Any CPU.Build.0 = Release|Any CPU
	EndGlobalSection
	GlobalSection(SolutionProperties) = preSolution
		HideSolutionNode = FALSE
	EndGlobalSection
	GlobalSection(NestedProjects) = preSolution
		{405A16FA-77C4-4536-BCE7-580427BDBD15} = {D9970F4A-A2D2-4041-8938-4FE9021A979A}
		{6038B6D6-7C68-495B-A34D-D3C98B55593E} = {D9970F4A-A2D2-4041-8938-4FE9021A979A}
		{47716C25-F1A7-4425-A224-D87795FEB820} = {D9970F4A-A2D2-4041-8938-4FE9021A979A}
	EndGlobalSection
	GlobalSection(ExtensibilityGlobals) = postSolution
		SolutionGuid = {E689BFA1-FE63-4B60-906A-FF0ED13025FB}
	EndGlobalSection
EndGlobal
